
Microsoft Visual Studio Solution File, Format Version 12.00
# Visual Studio Version 16
VisualStudioVersion = 16.0.28922.388
MinimumVisualStudioVersion = 10.0.40219.1
Project("{FAE04EC0-301F-11D3-BF4B-00C04F79EFBC}") = "AustinHackathon.UWP", "AustinHackathon\AustinHackathon.UWP\AustinHackathon.UWP.csproj", "{161E9867-DA7F-4FC9-AAEA-443D09D1C03C}"
EndProject
Project("{FAE04EC0-301F-11D3-BF4B-00C04F79EFBC}") = "AustinHackathon.Android", "AustinHackathon\AustinHackathon.Android\AustinHackathon.Android.csproj", "{94428EE1-23D4-47C2-98B8-3E415B19D0E1}"
EndProject
Project("{FAE04EC0-301F-11D3-BF4B-00C04F79EFBC}") = "AustinHackathon.iOS", "AustinHackathon\AustinHackathon.iOS\AustinHackathon.iOS.csproj", "{82934CC1-CA4B-4DBD-8264-69DAE84AE66E}"
EndProject
Project("{FAE04EC0-301F-11D3-BF4B-00C04F79EFBC}") = "AustinHackathon", "AustinHackathon\AustinHackathon\AustinHackathon.csproj", "{D29CEBB1-2C31-4B7F-8EB3-030EE8269999}"
EndProject
Global
	GlobalSection(SolutionConfigurationPlatforms) = preSolution
		Debug|Any CPU = Debug|Any CPU
		Debug|ARM = Debug|ARM
		Debug|iPhone = Debug|iPhone
		Debug|iPhoneSimulator = Debug|iPhoneSimulator
		Debug|x64 = Debug|x64
		Debug|x86 = Debug|x86
		Release|Any CPU = Release|Any CPU
		Release|ARM = Release|ARM
		Release|iPhone = Release|iPhone
		Release|iPhoneSimulator = Release|iPhoneSimulator
		Release|x64 = Release|x64
		Release|x86 = Release|x86
	EndGlobalSection
	GlobalSection(ProjectConfigurationPlatforms) = postSolution
		{161E9867-DA7F-4FC9-AAEA-443D09D1C03C}.Debug|Any CPU.ActiveCfg = Debug|x86
		{161E9867-DA7F-4FC9-AAEA-443D09D1C03C}.Debug|Any CPU.Build.0 = Debug|x86
		{161E9867-DA7F-4FC9-AAEA-443D09D1C03C}.Debug|Any CPU.Deploy.0 = Debug|x86
		{161E9867-DA7F-4FC9-AAEA-443D09D1C03C}.Debug|ARM.ActiveCfg = Debug|ARM
		{161E9867-DA7F-4FC9-AAEA-443D09D1C03C}.Debug|ARM.Build.0 = Debug|ARM
		{161E9867-DA7F-4FC9-AAEA-443D09D1C03C}.Debug|ARM.Deploy.0 = Debug|ARM
		{161E9867-DA7F-4FC9-AAEA-443D09D1C03C}.Debug|iPhone.ActiveCfg = Debug|x86
		{161E9867-DA7F-4FC9-AAEA-443D09D1C03C}.Debug|iPhone.Build.0 = Debug|x86
		{161E9867-DA7F-4FC9-AAEA-443D09D1C03C}.Debug|iPhone.Deploy.0 = Debug|x86
		{161E9867-DA7F-4FC9-AAEA-443D09D1C03C}.Debug|iPhoneSimulator.ActiveCfg = Debug|x86
		{161E9867-DA7F-4FC9-AAEA-443D09D1C03C}.Debug|iPhoneSimulator.Build.0 = Debug|x86
		{161E9867-DA7F-4FC9-AAEA-443D09D1C03C}.Debug|iPhoneSimulator.Deploy.0 = Debug|x86
		{161E9867-DA7F-4FC9-AAEA-443D09D1C03C}.Debug|x64.ActiveCfg = Debug|x64
		{161E9867-DA7F-4FC9-AAEA-443D09D1C03C}.Debug|x64.Build.0 = Debug|x64
		{161E9867-DA7F-4FC9-AAEA-443D09D1C03C}.Debug|x64.Deploy.0 = Debug|x64
		{161E9867-DA7F-4FC9-AAEA-443D09D1C03C}.Debug|x86.ActiveCfg = Debug|x86
		{161E9867-DA7F-4FC9-AAEA-443D09D1C03C}.Debug|x86.Build.0 = Debug|x86
		{161E9867-DA7F-4FC9-AAEA-443D09D1C03C}.Debug|x86.Deploy.0 = Debug|x86
		{161E9867-DA7F-4FC9-AAEA-443D09D1C03C}.Release|Any CPU.ActiveCfg = Release|x86
		{161E9867-DA7F-4FC9-AAEA-443D09D1C03C}.Release|Any CPU.Build.0 = Release|x86
		{161E9867-DA7F-4FC9-AAEA-443D09D1C03C}.Release|Any CPU.Deploy.0 = Release|x86
		{161E9867-DA7F-4FC9-AAEA-443D09D1C03C}.Release|ARM.ActiveCfg = Release|ARM
		{161E9867-DA7F-4FC9-AAEA-443D09D1C03C}.Release|ARM.Build.0 = Release|ARM
		{161E9867-DA7F-4FC9-AAEA-443D09D1C03C}.Release|ARM.Deploy.0 = Release|ARM
		{161E9867-DA7F-4FC9-AAEA-443D09D1C03C}.Release|iPhone.ActiveCfg = Release|x86
		{161E9867-DA7F-4FC9-AAEA-443D09D1C03C}.Release|iPhone.Build.0 = Release|x86
		{161E9867-DA7F-4FC9-AAEA-443D09D1C03C}.Release|iPhone.Deploy.0 = Release|x86
		{161E9867-DA7F-4FC9-AAEA-443D09D1C03C}.Release|iPhoneSimulator.ActiveCfg = Release|x86
		{161E9867-DA7F-4FC9-AAEA-443D09D1C03C}.Release|iPhoneSimulator.Build.0 = Release|x86
		{161E9867-DA7F-4FC9-AAEA-443D09D1C03C}.Release|iPhoneSimulator.Deploy.0 = Release|x86
		{161E9867-DA7F-4FC9-AAEA-443D09D1C03C}.Release|x64.ActiveCfg = Release|x64
		{161E9867-DA7F-4FC9-AAEA-443D09D1C03C}.Release|x64.Build.0 = Release|x64
		{161E9867-DA7F-4FC9-AAEA-443D09D1C03C}.Release|x64.Deploy.0 = Release|x64
		{161E9867-DA7F-4FC9-AAEA-443D09D1C03C}.Release|x86.ActiveCfg = Release|x86
		{161E9867-DA7F-4FC9-AAEA-443D09D1C03C}.Release|x86.Build.0 = Release|x86
		{161E9867-DA7F-4FC9-AAEA-443D09D1C03C}.Release|x86.Deploy.0 = Release|x86
		{94428EE1-23D4-47C2-98B8-3E415B19D0E1}.Debug|Any CPU.ActiveCfg = Debug|Any CPU
		{94428EE1-23D4-47C2-98B8-3E415B19D0E1}.Debug|Any CPU.Build.0 = Debug|Any CPU
		{94428EE1-23D4-47C2-98B8-3E415B19D0E1}.Debug|Any CPU.Deploy.0 = Debug|Any CPU
		{94428EE1-23D4-47C2-98B8-3E415B19D0E1}.Debug|ARM.ActiveCfg = Debug|Any CPU
		{94428EE1-23D4-47C2-98B8-3E415B19D0E1}.Debug|ARM.Build.0 = Debug|Any CPU
		{94428EE1-23D4-47C2-98B8-3E415B19D0E1}.Debug|ARM.Deploy.0 = Debug|Any CPU
		{94428EE1-23D4-47C2-98B8-3E415B19D0E1}.Debug|iPhone.ActiveCfg = Debug|Any CPU
		{94428EE1-23D4-47C2-98B8-3E415B19D0E1}.Debug|iPhone.Build.0 = Debug|Any CPU
		{94428EE1-23D4-47C2-98B8-3E415B19D0E1}.Debug|iPhone.Deploy.0 = Debug|Any CPU
		{94428EE1-23D4-47C2-98B8-3E415B19D0E1}.Debug|iPhoneSimulator.ActiveCfg = Debug|Any CPU
		{94428EE1-23D4-47C2-98B8-3E415B19D0E1}.Debug|iPhoneSimulator.Build.0 = Debug|Any CPU
		{94428EE1-23D4-47C2-98B8-3E415B19D0E1}.Debug|iPhoneSimulator.Deploy.0 = Debug|Any CPU
		{94428EE1-23D4-47C2-98B8-3E415B19D0E1}.Debug|x64.ActiveCfg = Debug|Any CPU
		{94428EE1-23D4-47C2-98B8-3E415B19D0E1}.Debug|x64.Build.0 = Debug|Any CPU
		{94428EE1-23D4-47C2-98B8-3E415B19D0E1}.Debug|x64.Deploy.0 = Debug|Any CPU
		{94428EE1-23D4-47C2-98B8-3E415B19D0E1}.Debug|x86.ActiveCfg = Debug|Any CPU
		{94428EE1-23D4-47C2-98B8-3E415B19D0E1}.Debug|x86.Build.0 = Debug|Any CPU
		{94428EE1-23D4-47C2-98B8-3E415B19D0E1}.Debug|x86.Deploy.0 = Debug|Any CPU
		{94428EE1-23D4-47C2-98B8-3E415B19D0E1}.Release|Any CPU.ActiveCfg = Release|Any CPU
		{94428EE1-23D4-47C2-98B8-3E415B19D0E1}.Release|Any CPU.Build.0 = Release|Any CPU
		{94428EE1-23D4-47C2-98B8-3E415B19D0E1}.Release|Any CPU.Deploy.0 = Release|Any CPU
		{94428EE1-23D4-47C2-98B8-3E415B19D0E1}.Release|ARM.ActiveCfg = Release|Any CPU
		{94428EE1-23D4-47C2-98B8-3E415B19D0E1}.Release|ARM.Build.0 = Release|Any CPU
		{94428EE1-23D4-47C2-98B8-3E415B19D0E1}.Release|ARM.Deploy.0 = Release|Any CPU
		{94428EE1-23D4-47C2-98B8-3E415B19D0E1}.Release|iPhone.ActiveCfg = Release|Any CPU
		{94428EE1-23D4-47C2-98B8-3E415B19D0E1}.Release|iPhone.Build.0 = Release|Any CPU
		{94428EE1-23D4-47C2-98B8-3E415B19D0E1}.Release|iPhone.Deploy.0 = Release|Any CPU
		{94428EE1-23D4-47C2-98B8-3E415B19D0E1}.Release|iPhoneSimulator.ActiveCfg = Release|Any CPU
		{94428EE1-23D4-47C2-98B8-3E415B19D0E1}.Release|iPhoneSimulator.Build.0 = Release|Any CPU
		{94428EE1-23D4-47C2-98B8-3E415B19D0E1}.Release|iPhoneSimulator.Deploy.0 = Release|Any CPU
		{94428EE1-23D4-47C2-98B8-3E415B19D0E1}.Release|x64.ActiveCfg = Release|Any CPU
		{94428EE1-23D4-47C2-98B8-3E415B19D0E1}.Release|x64.Build.0 = Release|Any CPU
		{94428EE1-23D4-47C2-98B8-3E415B19D0E1}.Release|x64.Deploy.0 = Release|Any CPU
		{94428EE1-23D4-47C2-98B8-3E415B19D0E1}.Release|x86.ActiveCfg = Release|Any CPU
		{94428EE1-23D4-47C2-98B8-3E415B19D0E1}.Release|x86.Build.0 = Release|Any CPU
		{94428EE1-23D4-47C2-98B8-3E415B19D0E1}.Release|x86.Deploy.0 = Release|Any CPU
		{82934CC1-CA4B-4DBD-8264-69DAE84AE66E}.Debug|Any CPU.ActiveCfg = Debug|iPhone
		{82934CC1-CA4B-4DBD-8264-69DAE84AE66E}.Debug|Any CPU.Build.0 = Debug|iPhone
		{82934CC1-CA4B-4DBD-8264-69DAE84AE66E}.Debug|Any CPU.Deploy.0 = Debug|iPhone
		{82934CC1-CA4B-4DBD-8264-69DAE84AE66E}.Debug|ARM.ActiveCfg = Debug|iPhoneSimulator
		{82934CC1-CA4B-4DBD-8264-69DAE84AE66E}.Debug|ARM.Build.0 = Debug|iPhoneSimulator
		{82934CC1-CA4B-4DBD-8264-69DAE84AE66E}.Debug|ARM.Deploy.0 = Debug|iPhoneSimulator
		{82934CC1-CA4B-4DBD-8264-69DAE84AE66E}.Debug|iPhone.ActiveCfg = Debug|iPhone
		{82934CC1-CA4B-4DBD-8264-69DAE84AE66E}.Debug|iPhone.Build.0 = Debug|iPhone
		{82934CC1-CA4B-4DBD-8264-69DAE84AE66E}.Debug|iPhone.Deploy.0 = Debug|iPhone
		{82934CC1-CA4B-4DBD-8264-69DAE84AE66E}.Debug|iPhoneSimulator.ActiveCfg = Debug|iPhoneSimulator
		{82934CC1-CA4B-4DBD-8264-69DAE84AE66E}.Debug|iPhoneSimulator.Build.0 = Debug|iPhoneSimulator
		{82934CC1-CA4B-4DBD-8264-69DAE84AE66E}.Debug|iPhoneSimulator.Deploy.0 = Debug|iPhoneSimulator
		{82934CC1-CA4B-4DBD-8264-69DAE84AE66E}.Debug|x64.ActiveCfg = Debug|iPhone
		{82934CC1-CA4B-4DBD-8264-69DAE84AE66E}.Debug|x64.Build.0 = Debug|iPhone
		{82934CC1-CA4B-4DBD-8264-69DAE84AE66E}.Debug|x64.Deploy.0 = Debug|iPhone
		{82934CC1-CA4B-4DBD-8264-69DAE84AE66E}.Debug|x86.ActiveCfg = Debug|iPhone
		{82934CC1-CA4B-4DBD-8264-69DAE84AE66E}.Debug|x86.Build.0 = Debug|iPhone
		{82934CC1-CA4B-4DBD-8264-69DAE84AE66E}.Debug|x86.Deploy.0 = Debug|iPhone
		{82934CC1-CA4B-4DBD-8264-69DAE84AE66E}.Release|Any CPU.ActiveCfg = Release|iPhone
		{82934CC1-CA4B-4DBD-8264-69DAE84AE66E}.Release|Any CPU.Build.0 = Release|iPhone
		{82934CC1-CA4B-4DBD-8264-69DAE84AE66E}.Release|Any CPU.Deploy.0 = Release|iPhone
		{82934CC1-CA4B-4DBD-8264-69DAE84AE66E}.Release|ARM.ActiveCfg = Release|iPhone
		{82934CC1-CA4B-4DBD-8264-69DAE84AE66E}.Release|ARM.Build.0 = Release|iPhone
		{82934CC1-CA4B-4DBD-8264-69DAE84AE66E}.Release|ARM.Deploy.0 = Release|iPhone
		{82934CC1-CA4B-4DBD-8264-69DAE84AE66E}.Release|iPhone.ActiveCfg = Release|iPhone
		{82934CC1-CA4B-4DBD-8264-69DAE84AE66E}.Release|iPhone.Build.0 = Release|iPhone
		{82934CC1-CA4B-4DBD-8264-69DAE84AE66E}.Release|iPhone.Deploy.0 = Release|iPhone
		{82934CC1-CA4B-4DBD-8264-69DAE84AE66E}.Release|iPhoneSimulator.ActiveCfg = Release|iPhoneSimulator
		{82934CC1-CA4B-4DBD-8264-69DAE84AE66E}.Release|iPhoneSimulator.Build.0 = Release|iPhoneSimulator
		{82934CC1-CA4B-4DBD-8264-69DAE84AE66E}.Release|iPhoneSimulator.Deploy.0 = Release|iPhoneSimulator
		{82934CC1-CA4B-4DBD-8264-69DAE84AE66E}.Release|x64.ActiveCfg = Release|iPhone
		{82934CC1-CA4B-4DBD-8264-69DAE84AE66E}.Release|x64.Build.0 = Release|iPhone
		{82934CC1-CA4B-4DBD-8264-69DAE84AE66E}.Release|x64.Deploy.0 = Release|iPhone
		{82934CC1-CA4B-4DBD-8264-69DAE84AE66E}.Release|x86.ActiveCfg = Release|iPhone
		{82934CC1-CA4B-4DBD-8264-69DAE84AE66E}.Release|x86.Build.0 = Release|iPhone
		{82934CC1-CA4B-4DBD-8264-69DAE84AE66E}.Release|x86.Deploy.0 = Release|iPhone
		{D29CEBB1-2C31-4B7F-8EB3-030EE8269999}.Debug|Any CPU.ActiveCfg = Debug|Any CPU
		{D29CEBB1-2C31-4B7F-8EB3-030EE8269999}.Debug|Any CPU.Build.0 = Debug|Any CPU
		{D29CEBB1-2C31-4B7F-8EB3-030EE8269999}.Debug|Any CPU.Deploy.0 = Debug|Any CPU
		{D29CEBB1-2C31-4B7F-8EB3-030EE8269999}.Debug|ARM.ActiveCfg = Debug|Any CPU
		{D29CEBB1-2C31-4B7F-8EB3-030EE8269999}.Debug|ARM.Build.0 = Debug|Any CPU
		{D29CEBB1-2C31-4B7F-8EB3-030EE8269999}.Debug|ARM.Deploy.0 = Debug|Any CPU
		{D29CEBB1-2C31-4B7F-8EB3-030EE8269999}.Debug|iPhone.ActiveCfg = Debug|Any CPU
		{D29CEBB1-2C31-4B7F-8EB3-030EE8269999}.Debug|iPhone.Build.0 = Debug|Any CPU
		{D29CEBB1-2C31-4B7F-8EB3-030EE8269999}.Debug|iPhone.Deploy.0 = Debug|Any CPU
		{D29CEBB1-2C31-4B7F-8EB3-030EE8269999}.Debug|iPhoneSimulator.ActiveCfg = Debug|Any CPU
		{D29CEBB1-2C31-4B7F-8EB3-030EE8269999}.Debug|iPhoneSimulator.Build.0 = Debug|Any CPU
		{D29CEBB1-2C31-4B7F-8EB3-030EE8269999}.Debug|iPhoneSimulator.Deploy.0 = Debug|Any CPU
		{D29CEBB1-2C31-4B7F-8EB3-030EE8269999}.Debug|x64.ActiveCfg = Debug|Any CPU
		{D29CEBB1-2C31-4B7F-8EB3-030EE8269999}.Debug|x64.Build.0 = Debug|Any CPU
		{D29CEBB1-2C31-4B7F-8EB3-030EE8269999}.Debug|x64.Deploy.0 = Debug|Any CPU
		{D29CEBB1-2C31-4B7F-8EB3-030EE8269999}.Debug|x86.ActiveCfg = Debug|Any CPU
		{D29CEBB1-2C31-4B7F-8EB3-030EE8269999}.Debug|x86.Build.0 = Debug|Any CPU
		{D29CEBB1-2C31-4B7F-8EB3-030EE8269999}.Debug|x86.Deploy.0 = Debug|Any CPU
		{D29CEBB1-2C31-4B7F-8EB3-030EE8269999}.Release|Any CPU.ActiveCfg = Release|Any CPU
		{D29CEBB1-2C31-4B7F-8EB3-030EE8269999}.Release|Any CPU.Build.0 = Release|Any CPU
		{D29CEBB1-2C31-4B7F-8EB3-030EE8269999}.Release|Any CPU.Deploy.0 = Release|Any CPU
		{D29CEBB1-2C31-4B7F-8EB3-030EE8269999}.Release|ARM.ActiveCfg = Release|Any CPU
		{D29CEBB1-2C31-4B7F-8EB3-030EE8269999}.Release|ARM.Build.0 = Release|Any CPU
		{D29CEBB1-2C31-4B7F-8EB3-030EE8269999}.Release|ARM.Deploy.0 = Release|Any CPU
		{D29CEBB1-2C31-4B7F-8EB3-030EE8269999}.Release|iPhone.ActiveCfg = Release|Any CPU
		{D29CEBB1-2C31-4B7F-8EB3-030EE8269999}.Release|iPhone.Build.0 = Release|Any CPU
		{D29CEBB1-2C31-4B7F-8EB3-030EE8269999}.Release|iPhone.Deploy.0 = Release|Any CPU
		{D29CEBB1-2C31-4B7F-8EB3-030EE8269999}.Release|iPhoneSimulator.ActiveCfg = Release|Any CPU
		{D29CEBB1-2C31-4B7F-8EB3-030EE8269999}.Release|iPhoneSimulator.Build.0 = Release|Any CPU
		{D29CEBB1-2C31-4B7F-8EB3-030EE8269999}.Release|iPhoneSimulator.Deploy.0 = Release|Any CPU
		{D29CEBB1-2C31-4B7F-8EB3-030EE8269999}.Release|x64.ActiveCfg = Release|Any CPU
		{D29CEBB1-2C31-4B7F-8EB3-030EE8269999}.Release|x64.Build.0 = Release|Any CPU
		{D29CEBB1-2C31-4B7F-8EB3-030EE8269999}.Release|x64.Deploy.0 = Release|Any CPU
		{D29CEBB1-2C31-4B7F-8EB3-030EE8269999}.Release|x86.ActiveCfg = Release|Any CPU
		{D29CEBB1-2C31-4B7F-8EB3-030EE8269999}.Release|x86.Build.0 = Release|Any CPU
		{D29CEBB1-2C31-4B7F-8EB3-030EE8269999}.Release|x86.Deploy.0 = Release|Any CPU
	EndGlobalSection
	GlobalSection(SolutionProperties) = preSolution
		HideSolutionNode = FALSE
	EndGlobalSection
	GlobalSection(ExtensibilityGlobals) = postSolution
		SolutionGuid = {04C45CF9-12CB-4D2E-814C-86F460597E81}
	EndGlobalSection
EndGlobal
